{
  "name": "bollybandz",
  "version": "1.0.0",
  "lockfileVersion": 1,
  "requires": true,
  "dependencies": {
    "ccxt": {
      "version": "4.0.33",
      "resolved": "https://registry.npmjs.org/ccxt/-/ccxt-4.0.33.tgz",
      "integrity": "sha512-XsABqqlfw3uvTgjrmzWOTWCK5OgTSMAYAYU5vG1QGL35TGAtIk/jQyQeNPCuQB66KfZ7sCFko+N4VTOmSMr0tg==",
      "requires": {
        "ws": "^8.8.1"
      }
    },
    "ta.js": {
      "version": "1.16.3",
      "resolved": "https://registry.npmjs.org/ta.js/-/ta.js-1.16.3.tgz",
      "integrity": "sha512-tYWZrLMBWm9SoWBLWe6eeWDOw6vsyzviDMPTtF0Yfizzun8R7Hd3i3IzdGwKLiiBvCOa9yVZjY3XMZZejCJZjg=="
    },
    "ws": {
      "version": "8.13.0",
      "resolved": "https://registry.npmjs.org/ws/-/ws-8.13.0.tgz",
      "integrity": "sha512-x9vcZYTrFPC7aSIbj7sRCYo7L/Xb8Iy+pW0ng0wt2vCJv7M9HOMy0UoN3rr+IFC7hb7vXoqS+P9ktyLLLhO+LA=="
    }
  }
}
